# This file is automatically @generated by Cargo.
# It is not intended for manual editing.
version = 3

[[package]]
name = "extract-frontmatter"
version = "4.1.1"
source = "registry+https://github.com/rust-lang/crates.io-index"
checksum = "426c23bd8fdd0cfde248e0481b4013cd186feb92fede97d6097d693abac6eeb2"

[[package]]
name = "once_cell"
version = "1.16.0"
source = "registry+https://github.com/rust-lang/crates.io-index"
checksum = "86f0b0d4bf799edbc74508c1e8bf170ff5f41238e5f8225603ca7caaae2b7860"

[[package]]
name = "pico-args"
version = "0.5.0"
source = "registry+https://github.com/rust-lang/crates.io-index"
checksum = "5be167a7af36ee22fe3115051bc51f6e6c7054c9348e28deb4f49bd6f705a315"

[[package]]
name = "templater"
version = "0.2.0"
dependencies = [
 "extract-frontmatter",
 "once_cell",
 "pico-args",
]
