# This file is automatically @generated by Cargo.
# It is not intended for manual editing.
version = 3

[[package]]
name = "extract-frontmatter"
version = "2.1.0"
source = "registry+https://github.com/rust-lang/crates.io-index"
checksum = "30b4c6ac125f7d6663c9bee567645050c9a164c4dbf5689bd5bdf344a1b39356"

[[package]]
name = "once_cell"
version = "1.9.0"
source = "registry+https://github.com/rust-lang/crates.io-index"
checksum = "da32515d9f6e6e489d7bc9d84c71b060db7247dc035bbe44eac88cf87486d8d5"

[[package]]
name = "pico-args"
version = "0.4.2"
source = "registry+https://github.com/rust-lang/crates.io-index"
checksum = "db8bcd96cb740d03149cbad5518db9fd87126a10ab519c011893b1754134c468"

[[package]]
name = "templater"
version = "0.2.0"
dependencies = [
 "extract-frontmatter",
 "once_cell",
 "pico-args",
]
